PODS:
  - Alamofire (3.3.0)
  - KeychainSwift (3.0.13)
  - SDWebImage (3.7.5):
    - SDWebImage/Core (= 3.7.5)
  - SDWebImage/Core (3.7.5)

DEPENDENCIES:
  - Alamofire (~> 3.3.0)
  - KeychainSwift (~> 3.0.11)
  - SDWebImage (~> 3.7.5)

SPEC CHECKSUMS:
  Alamofire: 9054db4a1b1ca9e363223183e01cea380159a27c
  KeychainSwift: 3bda518adb1ab386da0a9a1de93b561ee2c9322b
  SDWebImage: 69c6303e3348fba97e03f65d65d4fbc26740f461

COCOAPODS: 0.38.2
