// !$*UTF8*$!
{
	archiveVersion = 1;
	classes = {
	};
	objectVersion = 46;
	objects = {

/* Begin PBXBuildFile section */
		1D27FF3D1CB5D89800D85823 /* NetworkAllowUntrustedCert.swift in Sources */ = {isa = PBXBuildFile; fileRef = 1D27FF3C1CB5D89800D85823 /* NetworkAllowUntrustedCert.swift */; };
		1D4C4D311CC3286D00868A68 /* GroupUserRelationType.swift in Sources */ = {isa = PBXBuildFile; fileRef = 1D4C4D301CC3286D00868A68 /* GroupUserRelationType.swift */; };
		1D4C4D331CC3329900868A68 /* RadioStation.swift in Sources */ = {isa = PBXBuildFile; fileRef = 1D4C4D321CC3329900868A68 /* RadioStation.swift */; };
		1D4C4D351CC3337200868A68 /* RadioTask.swift in Sources */ = {isa = PBXBuildFile; fileRef = 1D4C4D341CC3337200868A68 /* RadioTask.swift */; };
		1D4C4D371CC3347000868A68 /* RadioEvent.swift in Sources */ = {isa = PBXBuildFile; fileRef = 1D4C4D361CC3347000868A68 /* RadioEvent.swift */; };
		1D4E0F341CCC9B6B00BCC415 /* RadioStationTaskCell.swift in Sources */ = {isa = PBXBuildFile; fileRef = 1D4E0F331CCC9B6B00BCC415 /* RadioStationTaskCell.swift */; };
		1D4E0F361CCC9B9000BCC415 /* RadioStationEventCell.swift in Sources */ = {isa = PBXBuildFile; fileRef = 1D4E0F351CCC9B9000BCC415 /* RadioStationEventCell.swift */; };
		1D4E0F381CCC9BA200BCC415 /* TeamTaskCell.swift in Sources */ = {isa = PBXBuildFile; fileRef = 1D4E0F371CCC9BA200BCC415 /* TeamTaskCell.swift */; };
		1D4E0F3A1CCC9BB700BCC415 /* TeamEventCell.swift in Sources */ = {isa = PBXBuildFile; fileRef = 1D4E0F391CCC9BB700BCC415 /* TeamEventCell.swift */; };
		1D4E0F401CCCA93E00BCC415 /* CustomPresentCellProtocol.swift in Sources */ = {isa = PBXBuildFile; fileRef = 1D4E0F3F1CCCA93E00BCC415 /* CustomPresentCellProtocol.swift */; };
		1D4E0F421CCCB0B300BCC415 /* NoticeHeaderCell.swift in Sources */ = {isa = PBXBuildFile; fileRef = 1D4E0F411CCCB0B300BCC415 /* NoticeHeaderCell.swift */; };
		1D4E0F451CCCB44900BCC415 /* CollapseSign.swift in Sources */ = {isa = PBXBuildFile; fileRef = 1D4E0F441CCCB44900BCC415 /* CollapseSign.swift */; };
		1D4E0F4D1CCF9AA600BCC415 /* TabContainerVC.swift in Sources */ = {isa = PBXBuildFile; fileRef = 1D4E0F4C1CCF9AA600BCC415 /* TabContainerVC.swift */; };
		1D528BDC1CC0946800A59F92 /* ServerReply.swift in Sources */ = {isa = PBXBuildFile; fileRef = 1D528BDB1CC0946800A59F92 /* ServerReply.swift */; };
		1D528BDE1CC0D91700A59F92 /* INoticable.swift in Sources */ = {isa = PBXBuildFile; fileRef = 1D528BDD1CC0D91700A59F92 /* INoticable.swift */; };
		1D528BE11CC0D9BB00A59F92 /* Event.swift in Sources */ = {isa = PBXBuildFile; fileRef = 1D528BE01CC0D9BB00A59F92 /* Event.swift */; };
		1D56DB231CC7783900E0F3BA /* ObiValue.swift in Sources */ = {isa = PBXBuildFile; fileRef = 1D56DB221CC7783900E0F3BA /* ObiValue.swift */; };
		1D56DB251CC778C100E0F3BA /* ObiObject.swift in Sources */ = {isa = PBXBuildFile; fileRef = 1D56DB241CC778C100E0F3BA /* ObiObject.swift */; };
		1D56DB271CC7797C00E0F3BA /* AuthModel.swift in Sources */ = {isa = PBXBuildFile; fileRef = 1D56DB261CC7797C00E0F3BA /* AuthModel.swift */; };
		1D56DB291CC77E4200E0F3BA /* ObiLoginVC.swift in Sources */ = {isa = PBXBuildFile; fileRef = 1D56DB281CC77E4200E0F3BA /* ObiLoginVC.swift */; };
		1D56DB2B1CC79ED600E0F3BA /* InputTableViewCell.swift in Sources */ = {isa = PBXBuildFile; fileRef = 1D56DB2A1CC79ED600E0F3BA /* InputTableViewCell.swift */; };
		1D56DB2D1CC7B24700E0F3BA /* ObiBeautyTeam.swift in Sources */ = {isa = PBXBuildFile; fileRef = 1D56DB2C1CC7B24700E0F3BA /* ObiBeautyTeam.swift */; };
		1D80C6D71CC8A9E6005D6216 /* NoticeVC.swift in Sources */ = {isa = PBXBuildFile; fileRef = 1D80C6D61CC8A9E6005D6216 /* NoticeVC.swift */; };
		1D80C6D91CC8AC01005D6216 /* TeamVC.swift in Sources */ = {isa = PBXBuildFile; fileRef = 1D80C6D81CC8AC01005D6216 /* TeamVC.swift */; };
		1D80C6DB1CC8AC12005D6216 /* MainVC.swift in Sources */ = {isa = PBXBuildFile; fileRef = 1D80C6DA1CC8AC12005D6216 /* MainVC.swift */; };
		1D80C6DF1CC8B199005D6216 /* NoticeRightNavigationItemPopMenu.swift in Sources */ = {isa = PBXBuildFile; fileRef = 1D80C6DE1CC8B199005D6216 /* NoticeRightNavigationItemPopMenu.swift */; };
		1D80C6E11CC8B4D5005D6216 /* AddPersonalTaskVC.swift in Sources */ = {isa = PBXBuildFile; fileRef = 1D80C6E01CC8B4D5005D6216 /* AddPersonalTaskVC.swift */; };
		1D80C6E31CC8B4E8005D6216 /* AddPersonalEventVC.swift in Sources */ = {isa = PBXBuildFile; fileRef = 1D80C6E21CC8B4E8005D6216 /* AddPersonalEventVC.swift */; };
		1D80C6E51CC8B4F4005D6216 /* ImportVC.swift in Sources */ = {isa = PBXBuildFile; fileRef = 1D80C6E41CC8B4F4005D6216 /* ImportVC.swift */; };
		1DC1F7071CC1E7F200A5E9BF /* Task.swift in Sources */ = {isa = PBXBuildFile; fileRef = 1DC1F7061CC1E7F200A5E9BF /* Task.swift */; };
		1DC1F70A1CC1E86B00A5E9BF /* Group.swift in Sources */ = {isa = PBXBuildFile; fileRef = 1DC1F7091CC1E86B00A5E9BF /* Group.swift */; };
		1DC1F70D1CC1E9FD00A5E9BF /* GroupUserRelation.swift in Sources */ = {isa = PBXBuildFile; fileRef = 1DC1F70C1CC1E9FD00A5E9BF /* GroupUserRelation.swift */; };
		1DC1F70F1CC1EA5400A5E9BF /* InitialProtocol.swift in Sources */ = {isa = PBXBuildFile; fileRef = 1DC1F70E1CC1EA5400A5E9BF /* InitialProtocol.swift */; };
		1DC1F7111CC1EB9600A5E9BF /* ObisoftUser.swift in Sources */ = {isa = PBXBuildFile; fileRef = 1DC1F7101CC1EB9600A5E9BF /* ObisoftUser.swift */; };
		1DC1F7131CC1ED5C00A5E9BF /* TeamUserRelation.swift in Sources */ = {isa = PBXBuildFile; fileRef = 1DC1F7121CC1ED5C00A5E9BF /* TeamUserRelation.swift */; };
		1DC1F7151CC1ED7800A5E9BF /* TeamEventRelation.swift in Sources */ = {isa = PBXBuildFile; fileRef = 1DC1F7141CC1ED7800A5E9BF /* TeamEventRelation.swift */; };
		1DC1F7171CC1EE4A00A5E9BF /* PersonalTask.swift in Sources */ = {isa = PBXBuildFile; fileRef = 1DC1F7161CC1EE4A00A5E9BF /* PersonalTask.swift */; };
		1DC1F7191CC1EED600A5E9BF /* PersonalEvent.swift in Sources */ = {isa = PBXBuildFile; fileRef = 1DC1F7181CC1EED600A5E9BF /* PersonalEvent.swift */; };
		1DC270861CD8D9C300E57D3B /* FetchDataFromNetworkProtocol.swift in Sources */ = {isa = PBXBuildFile; fileRef = 1DC270851CD8D9C300E57D3B /* FetchDataFromNetworkProtocol.swift */; };
		1DC93B261CC345B7007214DE /* Project.swift in Sources */ = {isa = PBXBuildFile; fileRef = 1DC93B251CC345B7007214DE /* Project.swift */; };
		1DC93B281CC3462B007214DE /* GroupEvent.swift in Sources */ = {isa = PBXBuildFile; fileRef = 1DC93B271CC3462B007214DE /* GroupEvent.swift */; };
		1DC93B2A1CC34678007214DE /* GroupTask.swift in Sources */ = {isa = PBXBuildFile; fileRef = 1DC93B291CC34678007214DE /* GroupTask.swift */; };
		1DDFB4711CAA218700124835 /* AppDelegate.swift in Sources */ = {isa = PBXBuildFile; fileRef = 1DDFB4701CAA218700124835 /* AppDelegate.swift */; };
		1DDFB4731CAA218700124835 /* ViewController.swift in Sources */ = {isa = PBXBuildFile; fileRef = 1DDFB4721CAA218700124835 /* ViewController.swift */; };
		1DDFB4761CAA218700124835 /* Main.storyboard in Resources */ = {isa = PBXBuildFile; fileRef = 1DDFB4741CAA218700124835 /* Main.storyboard */; };
		1DDFB4791CAA218700124835 /* BeautyTeam.xcdatamodeld in Sources */ = {isa = PBXBuildFile; fileRef = 1DDFB4771CAA218700124835 /* BeautyTeam.xcdatamodeld */; };
		1DDFB47B1CAA218700124835 /* Assets.xcassets in Resources */ = {isa = PBXBuildFile; fileRef = 1DDFB47A1CAA218700124835 /* Assets.xcassets */; };
		1DDFB47E1CAA218700124835 /* LaunchScreen.storyboard in Resources */ = {isa = PBXBuildFile; fileRef = 1DDFB47C1CAA218700124835 /* LaunchScreen.storyboard */; };
		1DDFB4891CAA218700124835 /* BeautyTeamTests.swift in Sources */ = {isa = PBXBuildFile; fileRef = 1DDFB4881CAA218700124835 /* BeautyTeamTests.swift */; };
		1DDFB4941CAA218700124835 /* BeautyTeamUITests.swift in Sources */ = {isa = PBXBuildFile; fileRef = 1DDFB4931CAA218700124835 /* BeautyTeamUITests.swift */; };
		1DEE89AE1CDCC8AF00FA2D54 /* ObiList.swift in Sources */ = {isa = PBXBuildFile; fileRef = 1DEE89AD1CDCC8AF00FA2D54 /* ObiList.swift */; };
		8F159BE2A514E4D5AA8BAD3C /* Pods.framework in Frameworks */ = {isa = PBXBuildFile; fileRef = 41CF00446CADCE8A08C53576 /* Pods.framework */; settings = {ATTRIBUTES = (Weak, ); }; };
/* End PBXBuildFile section */

/* Begin PBXContainerItemProxy section */
		1DDFB4851CAA218700124835 /* PBXContainerItemProxy */ = {
			isa = PBXContainerItemProxy;
			containerPortal = 1DDFB4651CAA218700124835 /* Project object */;
			proxyType = 1;
			remoteGlobalIDString = 1DDFB46C1CAA218700124835;
			remoteInfo = BeautyTeam;
		};
		1DDFB4901CAA218700124835 /* PBXContainerItemProxy */ = {
			isa = PBXContainerItemProxy;
			containerPortal = 1DDFB4651CAA218700124835 /* Project object */;
			proxyType = 1;
			remoteGlobalIDString = 1DDFB46C1CAA218700124835;
			remoteInfo = BeautyTeam;
		};
/* End PBXContainerItemProxy section */

/* Begin PBXFileReference section */
		1D27FF381CB5D35F00D85823 /* BeautyTeam-Bridging-Header.h */ = {isa = PBXFileReference; lastKnownFileType = sourcecode.c.h; path = "BeautyTeam-Bridging-Header.h"; sourceTree = "<group>"; };
		1D27FF3C1CB5D89800D85823 /* NetworkAllowUntrustedCert.swift */ = {isa = PBXFileReference; fileEncoding = 4; lastKnownFileType = sourcecode.swift; name = NetworkAllowUntrustedCert.swift; path = BeautyTeam/NetworkAllowUntrustedCert.swift; sourceTree = "<group>"; };
		1D4C4D301CC3286D00868A68 /* GroupUserRelationType.swift */ = {isa = PBXFileReference; fileEncoding = 4; lastKnownFileType = sourcecode.swift; path = GroupUserRelationType.swift; sourceTree = "<group>"; };
		1D4C4D321CC3329900868A68 /* RadioStation.swift */ = {isa = PBXFileReference; fileEncoding = 4; lastKnownFileType = sourcecode.swift; path = RadioStation.swift; sourceTree = "<group>"; };
		1D4C4D341CC3337200868A68 /* RadioTask.swift */ = {isa = PBXFileReference; fileEncoding = 4; lastKnownFileType = sourcecode.swift; path = RadioTask.swift; sourceTree = "<group>"; };
		1D4C4D361CC3347000868A68 /* RadioEvent.swift */ = {isa = PBXFileReference; fileEncoding = 4; lastKnownFileType = sourcecode.swift; path = RadioEvent.swift; sourceTree = "<group>"; };
		1D4E0F331CCC9B6B00BCC415 /* RadioStationTaskCell.swift */ = {isa = PBXFileReference; fileEncoding = 4; lastKnownFileType = sourcecode.swift; path = RadioStationTaskCell.swift; sourceTree = "<group>"; };
		1D4E0F351CCC9B9000BCC415 /* RadioStationEventCell.swift */ = {isa = PBXFileReference; fileEncoding = 4; lastKnownFileType = sourcecode.swift; path = RadioStationEventCell.swift; sourceTree = "<group>"; };
		1D4E0F371CCC9BA200BCC415 /* TeamTaskCell.swift */ = {isa = PBXFileReference; fileEncoding = 4; lastKnownFileType = sourcecode.swift; path = TeamTaskCell.swift; sourceTree = "<group>"; };
		1D4E0F391CCC9BB700BCC415 /* TeamEventCell.swift */ = {isa = PBXFileReference; fileEncoding = 4; lastKnownFileType = sourcecode.swift; path = TeamEventCell.swift; sourceTree = "<group>"; };
		1D4E0F3F1CCCA93E00BCC415 /* CustomPresentCellProtocol.swift */ = {isa = PBXFileReference; fileEncoding = 4; lastKnownFileType = sourcecode.swift; path = CustomPresentCellProtocol.swift; sourceTree = "<group>"; };
		1D4E0F411CCCB0B300BCC415 /* NoticeHeaderCell.swift */ = {isa = PBXFileReference; fileEncoding = 4; lastKnownFileType = sourcecode.swift; path = NoticeHeaderCell.swift; sourceTree = "<group>"; };
		1D4E0F441CCCB44900BCC415 /* CollapseSign.swift */ = {isa = PBXFileReference; fileEncoding = 4; lastKnownFileType = sourcecode.swift; path = CollapseSign.swift; sourceTree = "<group>"; };
		1D4E0F4C1CCF9AA600BCC415 /* TabContainerVC.swift */ = {isa = PBXFileReference; fileEncoding = 4; lastKnownFileType = sourcecode.swift; path = TabContainerVC.swift; sourceTree = "<group>"; };
		1D528BDB1CC0946800A59F92 /* ServerReply.swift */ = {isa = PBXFileReference; fileEncoding = 4; lastKnownFileType = sourcecode.swift; path = ServerReply.swift; sourceTree = "<group>"; };
		1D528BDD1CC0D91700A59F92 /* INoticable.swift */ = {isa = PBXFileReference; fileEncoding = 4; lastKnownFileType = sourcecode.swift; path = INoticable.swift; sourceTree = "<group>"; };
		1D528BE01CC0D9BB00A59F92 /* Event.swift */ = {isa = PBXFileReference; fileEncoding = 4; lastKnownFileType = sourcecode.swift; path = Event.swift; sourceTree = "<group>"; };
		1D56DB221CC7783900E0F3BA /* ObiValue.swift */ = {isa = PBXFileReference; fileEncoding = 4; lastKnownFileType = sourcecode.swift; path = ObiValue.swift; sourceTree = "<group>"; };
		1D56DB241CC778C100E0F3BA /* ObiObject.swift */ = {isa = PBXFileReference; fileEncoding = 4; lastKnownFileType = sourcecode.swift; path = ObiObject.swift; sourceTree = "<group>"; };
		1D56DB261CC7797C00E0F3BA /* AuthModel.swift */ = {isa = PBXFileReference; fileEncoding = 4; lastKnownFileType = sourcecode.swift; path = AuthModel.swift; sourceTree = "<group>"; };
		1D56DB281CC77E4200E0F3BA /* ObiLoginVC.swift */ = {isa = PBXFileReference; fileEncoding = 4; lastKnownFileType = sourcecode.swift; path = ObiLoginVC.swift; sourceTree = "<group>"; };
		1D56DB2A1CC79ED600E0F3BA /* InputTableViewCell.swift */ = {isa = PBXFileReference; fileEncoding = 4; lastKnownFileType = sourcecode.swift; path = InputTableViewCell.swift; sourceTree = "<group>"; };
		1D56DB2C1CC7B24700E0F3BA /* ObiBeautyTeam.swift */ = {isa = PBXFileReference; fileEncoding = 4; lastKnownFileType = sourcecode.swift; path = ObiBeautyTeam.swift; sourceTree = "<group>"; };
		1D80C6D61CC8A9E6005D6216 /* NoticeVC.swift */ = {isa = PBXFileReference; fileEncoding = 4; lastKnownFileType = sourcecode.swift; path = NoticeVC.swift; sourceTree = "<group>"; };
		1D80C6D81CC8AC01005D6216 /* TeamVC.swift */ = {isa = PBXFileReference; fileEncoding = 4; lastKnownFileType = sourcecode.swift; path = TeamVC.swift; sourceTree = "<group>"; };
		1D80C6DA1CC8AC12005D6216 /* MainVC.swift */ = {isa = PBXFileReference; fileEncoding = 4; lastKnownFileType = sourcecode.swift; path = MainVC.swift; sourceTree = "<group>"; };
		1D80C6DE1CC8B199005D6216 /* NoticeRightNavigationItemPopMenu.swift */ = {isa = PBXFileReference; fileEncoding = 4; lastKnownFileType = sourcecode.swift; path = NoticeRightNavigationItemPopMenu.swift; sourceTree = "<group>"; };
		1D80C6E01CC8B4D5005D6216 /* AddPersonalTaskVC.swift */ = {isa = PBXFileReference; fileEncoding = 4; lastKnownFileType = sourcecode.swift; path = AddPersonalTaskVC.swift; sourceTree = "<group>"; };
		1D80C6E21CC8B4E8005D6216 /* AddPersonalEventVC.swift */ = {isa = PBXFileReference; fileEncoding = 4; lastKnownFileType = sourcecode.swift; path = AddPersonalEventVC.swift; sourceTree = "<group>"; };
		1D80C6E41CC8B4F4005D6216 /* ImportVC.swift */ = {isa = PBXFileReference; fileEncoding = 4; lastKnownFileType = sourcecode.swift; path = ImportVC.swift; sourceTree = "<group>"; };
		1DC1F7061CC1E7F200A5E9BF /* Task.swift */ = {isa = PBXFileReference; fileEncoding = 4; lastKnownFileType = sourcecode.swift; path = Task.swift; sourceTree = "<group>"; };
		1DC1F7091CC1E86B00A5E9BF /* Group.swift */ = {isa = PBXFileReference; fileEncoding = 4; lastKnownFileType = sourcecode.swift; path = Group.swift; sourceTree = "<group>"; };
		1DC1F70C1CC1E9FD00A5E9BF /* GroupUserRelation.swift */ = {isa = PBXFileReference; fileEncoding = 4; lastKnownFileType = sourcecode.swift; path = GroupUserRelation.swift; sourceTree = "<group>"; };
		1DC1F70E1CC1EA5400A5E9BF /* InitialProtocol.swift */ = {isa = PBXFileReference; fileEncoding = 4; lastKnownFileType = sourcecode.swift; path = InitialProtocol.swift; sourceTree = "<group>"; };
		1DC1F7101CC1EB9600A5E9BF /* ObisoftUser.swift */ = {isa = PBXFileReference; fileEncoding = 4; lastKnownFileType = sourcecode.swift; path = ObisoftUser.swift; sourceTree = "<group>"; };
		1DC1F7121CC1ED5C00A5E9BF /* TeamUserRelation.swift */ = {isa = PBXFileReference; fileEncoding = 4; lastKnownFileType = sourcecode.swift; path = TeamUserRelation.swift; sourceTree = "<group>"; };
		1DC1F7141CC1ED7800A5E9BF /* TeamEventRelation.swift */ = {isa = PBXFileReference; fileEncoding = 4; lastKnownFileType = sourcecode.swift; path = TeamEventRelation.swift; sourceTree = "<group>"; };
		1DC1F7161CC1EE4A00A5E9BF /* PersonalTask.swift */ = {isa = PBXFileReference; fileEncoding = 4; lastKnownFileType = sourcecode.swift; path = PersonalTask.swift; sourceTree = "<group>"; };
		1DC1F7181CC1EED600A5E9BF /* PersonalEvent.swift */ = {isa = PBXFileReference; fileEncoding = 4; lastKnownFileType = sourcecode.swift; path = PersonalEvent.swift; sourceTree = "<group>"; };
		1DC270851CD8D9C300E57D3B /* FetchDataFromNetworkProtocol.swift */ = {isa = PBXFileReference; fileEncoding = 4; lastKnownFileType = sourcecode.swift; path = FetchDataFromNetworkProtocol.swift; sourceTree = "<group>"; };
		1DC93B251CC345B7007214DE /* Project.swift */ = {isa = PBXFileReference; fileEncoding = 4; lastKnownFileType = sourcecode.swift; path = Project.swift; sourceTree = "<group>"; };
		1DC93B271CC3462B007214DE /* GroupEvent.swift */ = {isa = PBXFileReference; fileEncoding = 4; lastKnownFileType = sourcecode.swift; path = GroupEvent.swift; sourceTree = "<group>"; };
		1DC93B291CC34678007214DE /* GroupTask.swift */ = {isa = PBXFileReference; fileEncoding = 4; lastKnownFileType = sourcecode.swift; path = GroupTask.swift; sourceTree = "<group>"; };
		1DDFB46D1CAA218700124835 /* BeautyTeam.app */ = {isa = PBXFileReference; explicitFileType = wrapper.application; includeInIndex = 0; path = BeautyTeam.app; sourceTree = BUILT_PRODUCTS_DIR; };
		1DDFB4701CAA218700124835 /* AppDelegate.swift */ = {isa = PBXFileReference; lastKnownFileType = sourcecode.swift; path = AppDelegate.swift; sourceTree = "<group>"; };
		1DDFB4721CAA218700124835 /* ViewController.swift */ = {isa = PBXFileReference; lastKnownFileType = sourcecode.swift; path = ViewController.swift; sourceTree = "<group>"; };
		1DDFB4751CAA218700124835 /* Base */ = {isa = PBXFileReference; lastKnownFileType = file.storyboard; name = Base; path = Base.lproj/Main.storyboard; sourceTree = "<group>"; };
		1DDFB4781CAA218700124835 /* BeautyTeam.xcdatamodel */ = {isa = PBXFileReference; lastKnownFileType = wrapper.xcdatamodel; path = BeautyTeam.xcdatamodel; sourceTree = "<group>"; };
		1DDFB47A1CAA218700124835 /* Assets.xcassets */ = {isa = PBXFileReference; lastKnownFileType = folder.assetcatalog; path = Assets.xcassets; sourceTree = "<group>"; };
		1DDFB47D1CAA218700124835 /* Base */ = {isa = PBXFileReference; lastKnownFileType = file.storyboard; name = Base; path = Base.lproj/LaunchScreen.storyboard; sourceTree = "<group>"; };
		1DDFB47F1CAA218700124835 /* Info.plist */ = {isa = PBXFileReference; lastKnownFileType = text.plist.xml; path = Info.plist; sourceTree = "<group>"; };
		1DDFB4841CAA218700124835 /* BeautyTeamTests.xctest */ = {isa = PBXFileReference; explicitFileType = wrapper.cfbundle; includeInIndex = 0; path = BeautyTeamTests.xctest; sourceTree = BUILT_PRODUCTS_DIR; };
		1DDFB4881CAA218700124835 /* BeautyTeamTests.swift */ = {isa = PBXFileReference; lastKnownFileType = sourcecode.swift; path = BeautyTeamTests.swift; sourceTree = "<group>"; };
		1DDFB48A1CAA218700124835 /* Info.plist */ = {isa = PBXFileReference; lastKnownFileType = text.plist.xml; path = Info.plist; sourceTree = "<group>"; };
		1DDFB48F1CAA218700124835 /* BeautyTeamUITests.xctest */ = {isa = PBXFileReference; explicitFileType = wrapper.cfbundle; includeInIndex = 0; path = BeautyTeamUITests.xctest; sourceTree = BUILT_PRODUCTS_DIR; };
		1DDFB4931CAA218700124835 /* BeautyTeamUITests.swift */ = {isa = PBXFileReference; lastKnownFileType = sourcecode.swift; path = BeautyTeamUITests.swift; sourceTree = "<group>"; };
		1DDFB4951CAA218700124835 /* Info.plist */ = {isa = PBXFileReference; lastKnownFileType = text.plist.xml; path = Info.plist; sourceTree = "<group>"; };
		1DEE89AD1CDCC8AF00FA2D54 /* ObiList.swift */ = {isa = PBXFileReference; fileEncoding = 4; lastKnownFileType = sourcecode.swift; path = ObiList.swift; sourceTree = "<group>"; };
		41CF00446CADCE8A08C53576 /* Pods.framework */ = {isa = PBXFileReference; explicitFileType = wrapper.framework; includeInIndex = 0; path = Pods.framework; sourceTree = BUILT_PRODUCTS_DIR; };
		45C54FF83F1C9631CB620EBB /* Pods.debug.xcconfig */ = {isa = PBXFileReference; includeInIndex = 1; lastKnownFileType = text.xcconfig; name = Pods.debug.xcconfig; path = "Pods/Target Support Files/Pods/Pods.debug.xcconfig"; sourceTree = "<group>"; };
		53FCE2A8632C0F3FDE75AC05 /* Pods.release.xcconfig */ = {isa = PBXFileReference; includeInIndex = 1; lastKnownFileType = text.xcconfig; name = Pods.release.xcconfig; path = "Pods/Target Support Files/Pods/Pods.release.xcconfig"; sourceTree = "<group>"; };
/* End PBXFileReference section */

/* Begin PBXFrameworksBuildPhase section */
		1DDFB46A1CAA218700124835 /* Frameworks */ = {
			isa = PBXFrameworksBuildPhase;
			buildActionMask = 2147483647;
			files = (
				8F159BE2A514E4D5AA8BAD3C /* Pods.framework in Frameworks */,
			);
			runOnlyForDeploymentPostprocessing = 0;
		};
		1DDFB4811CAA218700124835 /* Frameworks */ = {
			isa = PBXFrameworksBuildPhase;
			buildActionMask = 2147483647;
			files = (
			);
			runOnlyForDeploymentPostprocessing = 0;
		};
		1DDFB48C1CAA218700124835 /* Frameworks */ = {
			isa = PBXFrameworksBuildPhase;
			buildActionMask = 2147483647;
			files = (
			);
			runOnlyForDeploymentPostprocessing = 0;
		};
/* End PBXFrameworksBuildPhase section */

/* Begin PBXGroup section */
		1D27FF371CB5D32700D85823 /* BeautyTeamDebug */ = {
			isa = PBXGroup;
			children = (
				1D27FF3C1CB5D89800D85823 /* NetworkAllowUntrustedCert.swift */,
			);
			name = BeautyTeamDebug;
			sourceTree = "<group>";
		};
		1D3E7EAC1CCA73B600D12251 /* Elements */ = {
			isa = PBXGroup;
			children = (
				1D4E0F431CCCB42C00BCC415 /* CollapseSign */,
				1D4E0F331CCC9B6B00BCC415 /* RadioStationTaskCell.swift */,
				1D4E0F351CCC9B9000BCC415 /* RadioStationEventCell.swift */,
				1D4E0F371CCC9BA200BCC415 /* TeamTaskCell.swift */,
				1D4E0F391CCC9BB700BCC415 /* TeamEventCell.swift */,
				1D4E0F411CCCB0B300BCC415 /* NoticeHeaderCell.swift */,
			);
			name = Elements;
			sourceTree = "<group>";
		};
		1D40B19D1CB8F52E00E3166E /* Modules */ = {
			isa = PBXGroup;
			children = (
				1D528BDB1CC0946800A59F92 /* ServerReply.swift */,
				1DC93B2B1CC35983007214DE /* Authentication */,
				1D40B19E1CB8F53800E3166E /* Notice */,
				1D40B19F1CB8F54E00E3166E /* Team */,
				1D40B1A01CB8F55900E3166E /* Main */,
				1D40B1A11CB8F6FD00E3166E /* etc */,
				1D4E0F4C1CCF9AA600BCC415 /* TabContainerVC.swift */,
				1DC270851CD8D9C300E57D3B /* FetchDataFromNetworkProtocol.swift */,
			);
			name = Modules;
			sourceTree = "<group>";
		};
		1D40B19E1CB8F53800E3166E /* Notice */ = {
			isa = PBXGroup;
			children = (
				1DC270871CD8E49100E57D3B /* Model */,
				1DC270841CD8D4A300E57D3B /* SubVC */,
				1DC270831CD8D47700E57D3B /* RightMenu */,
				1D3E7EAC1CCA73B600D12251 /* Elements */,
				1D80C6D61CC8A9E6005D6216 /* NoticeVC.swift */,
			);
			name = Notice;
			sourceTree = "<group>";
		};
		1D40B19F1CB8F54E00E3166E /* Team */ = {
			isa = PBXGroup;
			children = (
				1D80C6D81CC8AC01005D6216 /* TeamVC.swift */,
			);
			name = Team;
			sourceTree = "<group>";
		};
		1D40B1A01CB8F55900E3166E /* Main */ = {
			isa = PBXGroup;
			children = (
				1D80C6DA1CC8AC12005D6216 /* MainVC.swift */,
			);
			name = Main;
			sourceTree = "<group>";
		};
		1D40B1A11CB8F6FD00E3166E /* etc */ = {
			isa = PBXGroup;
			children = (
			);
			name = etc;
			sourceTree = "<group>";
		};
		1D4E0F431CCCB42C00BCC415 /* CollapseSign */ = {
			isa = PBXGroup;
			children = (
				1D4E0F441CCCB44900BCC415 /* CollapseSign.swift */,
			);
			name = CollapseSign;
			sourceTree = "<group>";
		};
		1D528BDA1CC0928200A59F92 /* Data Structure */ = {
			isa = PBXGroup;
			children = (
				1DC1F70B1CC1E97D00A5E9BF /* Relationship */,
				1DC1F7081CC1E85B00A5E9BF /* Team */,
				1D528BDF1CC0D97200A59F92 /* Notice */,
				1DC1F70E1CC1EA5400A5E9BF /* InitialProtocol.swift */,
				1DC1F7101CC1EB9600A5E9BF /* ObisoftUser.swift */,
			);
			name = "Data Structure";
			sourceTree = "<group>";
		};
		1D528BDF1CC0D97200A59F92 /* Notice */ = {
			isa = PBXGroup;
			children = (
				1D528BDD1CC0D91700A59F92 /* INoticable.swift */,
				1D528BE01CC0D9BB00A59F92 /* Event.swift */,
				1DC1F7061CC1E7F200A5E9BF /* Task.swift */,
				1DC1F7161CC1EE4A00A5E9BF /* PersonalTask.swift */,
				1DC1F7181CC1EED600A5E9BF /* PersonalEvent.swift */,
				1D4C4D341CC3337200868A68 /* RadioTask.swift */,
				1D4C4D361CC3347000868A68 /* RadioEvent.swift */,
				1DC93B271CC3462B007214DE /* GroupEvent.swift */,
				1DC93B291CC34678007214DE /* GroupTask.swift */,
			);
			name = Notice;
			sourceTree = "<group>";
		};
		1DC1F7081CC1E85B00A5E9BF /* Team */ = {
			isa = PBXGroup;
			children = (
				1DC1F7091CC1E86B00A5E9BF /* Group.swift */,
				1D4C4D321CC3329900868A68 /* RadioStation.swift */,
				1DC93B251CC345B7007214DE /* Project.swift */,
			);
			name = Team;
			sourceTree = "<group>";
		};
		1DC1F70B1CC1E97D00A5E9BF /* Relationship */ = {
			isa = PBXGroup;
			children = (
				1DC1F70C1CC1E9FD00A5E9BF /* GroupUserRelation.swift */,
				1DC1F7121CC1ED5C00A5E9BF /* TeamUserRelation.swift */,
				1DC1F7141CC1ED7800A5E9BF /* TeamEventRelation.swift */,
				1D4C4D301CC3286D00868A68 /* GroupUserRelationType.swift */,
			);
			name = Relationship;
			sourceTree = "<group>";
		};
		1DC270831CD8D47700E57D3B /* RightMenu */ = {
			isa = PBXGroup;
			children = (
				1D80C6DE1CC8B199005D6216 /* NoticeRightNavigationItemPopMenu.swift */,
			);
			name = RightMenu;
			sourceTree = "<group>";
		};
		1DC270841CD8D4A300E57D3B /* SubVC */ = {
			isa = PBXGroup;
			children = (
				1D80C6E01CC8B4D5005D6216 /* AddPersonalTaskVC.swift */,
				1D80C6E21CC8B4E8005D6216 /* AddPersonalEventVC.swift */,
				1D80C6E41CC8B4F4005D6216 /* ImportVC.swift */,
			);
			name = SubVC;
			sourceTree = "<group>";
		};
		1DC270871CD8E49100E57D3B /* Model */ = {
			isa = PBXGroup;
			children = (
			);
			name = Model;
			sourceTree = "<group>";
		};
		1DC93B2B1CC35983007214DE /* Authentication */ = {
			isa = PBXGroup;
			children = (
				1DC93B2D1CC35996007214DE /* ViewController */,
				1DC93B2C1CC3598F007214DE /* Model */,
			);
			name = Authentication;
			sourceTree = "<group>";
		};
		1DC93B2C1CC3598F007214DE /* Model */ = {
			isa = PBXGroup;
			children = (
				1D56DB261CC7797C00E0F3BA /* AuthModel.swift */,
			);
			name = Model;
			sourceTree = "<group>";
		};
		1DC93B2D1CC35996007214DE /* ViewController */ = {
			isa = PBXGroup;
			children = (
				1D56DB281CC77E4200E0F3BA /* ObiLoginVC.swift */,
			);
			name = ViewController;
			sourceTree = "<group>";
		};
		1DDFB4641CAA218700124835 = {
			isa = PBXGroup;
			children = (
				1D27FF381CB5D35F00D85823 /* BeautyTeam-Bridging-Header.h */,
				1D27FF371CB5D32700D85823 /* BeautyTeamDebug */,
				1DDFB46F1CAA218700124835 /* BeautyTeam */,
				1DDFB4871CAA218700124835 /* BeautyTeamTests */,
				1DDFB4921CAA218700124835 /* BeautyTeamUITests */,
				1DDFB46E1CAA218700124835 /* Products */,
				C53029B016C2C327EEA8CE2C /* Pods */,
				921148848947FA58EF95082E /* Frameworks */,
			);
			sourceTree = "<group>";
		};
		1DDFB46E1CAA218700124835 /* Products */ = {
			isa = PBXGroup;
			children = (
				1DDFB46D1CAA218700124835 /* BeautyTeam.app */,
				1DDFB4841CAA218700124835 /* BeautyTeamTests.xctest */,
				1DDFB48F1CAA218700124835 /* BeautyTeamUITests.xctest */,
			);
			name = Products;
			sourceTree = "<group>";
		};
		1DDFB46F1CAA218700124835 /* BeautyTeam */ = {
			isa = PBXGroup;
			children = (
				1D528BDA1CC0928200A59F92 /* Data Structure */,
				1D40B19D1CB8F52E00E3166E /* Modules */,
				1DDFB4701CAA218700124835 /* AppDelegate.swift */,
				1DDFB4721CAA218700124835 /* ViewController.swift */,
				1DDFB4741CAA218700124835 /* Main.storyboard */,
				1DDFB47A1CAA218700124835 /* Assets.xcassets */,
				1DDFB47C1CAA218700124835 /* LaunchScreen.storyboard */,
				1DDFB47F1CAA218700124835 /* Info.plist */,
				1DDFB4771CAA218700124835 /* BeautyTeam.xcdatamodeld */,
				1D56DB221CC7783900E0F3BA /* ObiValue.swift */,
				1D56DB241CC778C100E0F3BA /* ObiObject.swift */,
				1D56DB2A1CC79ED600E0F3BA /* InputTableViewCell.swift */,
				1D56DB2C1CC7B24700E0F3BA /* ObiBeautyTeam.swift */,
				1D4E0F3F1CCCA93E00BCC415 /* CustomPresentCellProtocol.swift */,
				1DEE89AD1CDCC8AF00FA2D54 /* ObiList.swift */,
			);
			path = BeautyTeam;
			sourceTree = "<group>";
		};
		1DDFB4871CAA218700124835 /* BeautyTeamTests */ = {
			isa = PBXGroup;
			children = (
				1DDFB4881CAA218700124835 /* BeautyTeamTests.swift */,
				1DDFB48A1CAA218700124835 /* Info.plist */,
			);
			path = BeautyTeamTests;
			sourceTree = "<group>";
		};
		1DDFB4921CAA218700124835 /* BeautyTeamUITests */ = {
			isa = PBXGroup;
			children = (
				1DDFB4931CAA218700124835 /* BeautyTeamUITests.swift */,
				1DDFB4951CAA218700124835 /* Info.plist */,
			);
			path = BeautyTeamUITests;
			sourceTree = "<group>";
		};
		921148848947FA58EF95082E /* Frameworks */ = {
			isa = PBXGroup;
			children = (
				41CF00446CADCE8A08C53576 /* Pods.framework */,
			);
			name = Frameworks;
			sourceTree = "<group>";
		};
		C53029B016C2C327EEA8CE2C /* Pods */ = {
			isa = PBXGroup;
			children = (
				45C54FF83F1C9631CB620EBB /* Pods.debug.xcconfig */,
				53FCE2A8632C0F3FDE75AC05 /* Pods.release.xcconfig */,
			);
			name = Pods;
			sourceTree = "<group>";
		};
/* End PBXGroup section */

/* Begin PBXNativeTarget section */
		1DDFB46C1CAA218700124835 /* BeautyTeam */ = {
			isa = PBXNativeTarget;
			buildConfigurationList = 1DDFB4981CAA218700124835 /* Build configuration list for PBXNativeTarget "BeautyTeam" */;
			buildPhases = (
				4B708FEFB166521A5600CED2 /* Check Pods Manifest.lock */,
				1DDFB4691CAA218700124835 /* Sources */,
				1DDFB46A1CAA218700124835 /* Frameworks */,
				1DDFB46B1CAA218700124835 /* Resources */,
				53CEB2C6AB33501C69DD5CF4 /* Embed Pods Frameworks */,
				96EDF4B2C680BD126E6A83AC /* Copy Pods Resources */,
			);
			buildRules = (
			);
			dependencies = (
			);
			name = BeautyTeam;
			productName = BeautyTeam;
			productReference = 1DDFB46D1CAA218700124835 /* BeautyTeam.app */;
			productType = "com.apple.product-type.application";
		};
		1DDFB4831CAA218700124835 /* BeautyTeamTests */ = {
			isa = PBXNativeTarget;
			buildConfigurationList = 1DDFB49B1CAA218700124835 /* Build configuration list for PBXNativeTarget "BeautyTeamTests" */;
			buildPhases = (
				1DDFB4801CAA218700124835 /* Sources */,
				1DDFB4811CAA218700124835 /* Frameworks */,
				1DDFB4821CAA218700124835 /* Resources */,
			);
			buildRules = (
			);
			dependencies = (
				1DDFB4861CAA218700124835 /* PBXTargetDependency */,
			);
			name = BeautyTeamTests;
			productName = BeautyTeamTests;
			productReference = 1DDFB4841CAA218700124835 /* BeautyTeamTests.xctest */;
			productType = "com.apple.product-type.bundle.unit-test";
		};
		1DDFB48E1CAA218700124835 /* BeautyTeamUITests */ = {
			isa = PBXNativeTarget;
			buildConfigurationList = 1DDFB49E1CAA218700124835 /* Build configuration list for PBXNativeTarget "BeautyTeamUITests" */;
			buildPhases = (
				1DDFB48B1CAA218700124835 /* Sources */,
				1DDFB48C1CAA218700124835 /* Frameworks */,
				1DDFB48D1CAA218700124835 /* Resources */,
			);
			buildRules = (
			);
			dependencies = (
				1DDFB4911CAA218700124835 /* PBXTargetDependency */,
			);
			name = BeautyTeamUITests;
			productName = BeautyTeamUITests;
			productReference = 1DDFB48F1CAA218700124835 /* BeautyTeamUITests.xctest */;
			productType = "com.apple.product-type.bundle.ui-testing";
		};
/* End PBXNativeTarget section */

/* Begin PBXProject section */
		1DDFB4651CAA218700124835 /* Project object */ = {
			isa = PBXProject;
			attributes = {
				LastSwiftUpdateCheck = 0730;
				LastUpgradeCheck = 0720;
				ORGANIZATIONNAME = "Shenyang Obisoft Technology Co.Ltd.";
				TargetAttributes = {
					1DDFB46C1CAA218700124835 = {
						CreatedOnToolsVersion = 7.2.1;
						DevelopmentTeam = RPT45K2VK4;
					};
					1DDFB4831CAA218700124835 = {
						CreatedOnToolsVersion = 7.2.1;
						DevelopmentTeam = XFDV5Y8EL3;
						TestTargetID = 1DDFB46C1CAA218700124835;
					};
					1DDFB48E1CAA218700124835 = {
						CreatedOnToolsVersion = 7.2.1;
						DevelopmentTeam = XFDV5Y8EL3;
						TestTargetID = 1DDFB46C1CAA218700124835;
					};
				};
			};
			buildConfigurationList = 1DDFB4681CAA218700124835 /* Build configuration list for PBXProject "BeautyTeam" */;
			compatibilityVersion = "Xcode 3.2";
			developmentRegion = English;
			hasScannedForEncodings = 0;
			knownRegions = (
				en,
				Base,
			);
			mainGroup = 1DDFB4641CAA218700124835;
			productRefGroup = 1DDFB46E1CAA218700124835 /* Products */;
			projectDirPath = "";
			projectRoot = "";
			targets = (
				1DDFB46C1CAA218700124835 /* BeautyTeam */,
				1DDFB4831CAA218700124835 /* BeautyTeamTests */,
				1DDFB48E1CAA218700124835 /* BeautyTeamUITests */,
			);
		};
/* End PBXProject section */

/* Begin PBXResourcesBuildPhase section */
		1DDFB46B1CAA218700124835 /* Resources */ = {
			isa = PBXResourcesBuildPhase;
			buildActionMask = 2147483647;
			files = (
				1DDFB47E1CAA218700124835 /* LaunchScreen.storyboard in Resources */,
				1DDFB47B1CAA218700124835 /* Assets.xcassets in Resources */,
				1DDFB4761CAA218700124835 /* Main.storyboard in Resources */,
			);
			runOnlyForDeploymentPostprocessing = 0;
		};
		1DDFB4821CAA218700124835 /* Resources */ = {
			isa = PBXResourcesBuildPhase;
			buildActionMask = 2147483647;
			files = (
			);
			runOnlyForDeploymentPostprocessing = 0;
		};
		1DDFB48D1CAA218700124835 /* Resources */ = {
			isa = PBXResourcesBuildPhase;
			buildActionMask = 2147483647;
			files = (
			);
			runOnlyForDeploymentPostprocessing = 0;
		};
/* End PBXResourcesBuildPhase section */

/* Begin PBXShellScriptBuildPhase section */
		4B708FEFB166521A5600CED2 /* Check Pods Manifest.lock */ = {
			isa = PBXShellScriptBuildPhase;
			buildActionMask = 2147483647;
			files = (
			);
			inputPaths = (
			);
			name = "Check Pods Manifest.lock";
			outputPaths = (
			);
			runOnlyForDeploymentPostprocessing = 0;
			shellPath = /bin/sh;
			shellScript = "diff \"${PODS_ROOT}/../Podfile.lock\" \"${PODS_ROOT}/Manifest.lock\" > /dev/null\nif [[ $? != 0 ]] ; then\n    cat << EOM\nerror: The sandbox is not in sync with the Podfile.lock. Run 'pod install' or update your CocoaPods installation.\nEOM\n    exit 1\nfi\n";
			showEnvVarsInLog = 0;
		};
		53CEB2C6AB33501C69DD5CF4 /* Embed Pods Frameworks */ = {
			isa = PBXShellScriptBuildPhase;
			buildActionMask = 2147483647;
			files = (
			);
			inputPaths = (
			);
			name = "Embed Pods Frameworks";
			outputPaths = (
			);
			runOnlyForDeploymentPostprocessing = 0;
			shellPath = /bin/sh;
			shellScript = "\"${SRCROOT}/Pods/Target Support Files/Pods/Pods-frameworks.sh\"\n";
			showEnvVarsInLog = 0;
		};
		96EDF4B2C680BD126E6A83AC /* Copy Pods Resources */ = {
			isa = PBXShellScriptBuildPhase;
			buildActionMask = 2147483647;
			files = (
			);
			inputPaths = (
			);
			name = "Copy Pods Resources";
			outputPaths = (
			);
			runOnlyForDeploymentPostprocessing = 0;
			shellPath = /bin/sh;
			shellScript = "\"${SRCROOT}/Pods/Target Support Files/Pods/Pods-resources.sh\"\n";
			showEnvVarsInLog = 0;
		};
/* End PBXShellScriptBuildPhase section */

/* Begin PBXSourcesBuildPhase section */
		1DDFB4691CAA218700124835 /* Sources */ = {
			isa = PBXSourcesBuildPhase;
			buildActionMask = 2147483647;
			files = (
				1D4E0F401CCCA93E00BCC415 /* CustomPresentCellProtocol.swift in Sources */,
				1D80C6D71CC8A9E6005D6216 /* NoticeVC.swift in Sources */,
				1D4C4D311CC3286D00868A68 /* GroupUserRelationType.swift in Sources */,
				1DC1F7131CC1ED5C00A5E9BF /* TeamUserRelation.swift in Sources */,
				1D4C4D331CC3329900868A68 /* RadioStation.swift in Sources */,
				1D56DB271CC7797C00E0F3BA /* AuthModel.swift in Sources */,
				1D80C6DB1CC8AC12005D6216 /* MainVC.swift in Sources */,
				1DC1F70A1CC1E86B00A5E9BF /* Group.swift in Sources */,
				1DC93B281CC3462B007214DE /* GroupEvent.swift in Sources */,
				1DC1F7071CC1E7F200A5E9BF /* Task.swift in Sources */,
				1DC93B261CC345B7007214DE /* Project.swift in Sources */,
				1D56DB2D1CC7B24700E0F3BA /* ObiBeautyTeam.swift in Sources */,
				1D4E0F361CCC9B9000BCC415 /* RadioStationEventCell.swift in Sources */,
				1DC1F70D1CC1E9FD00A5E9BF /* GroupUserRelation.swift in Sources */,
				1D4E0F4D1CCF9AA600BCC415 /* TabContainerVC.swift in Sources */,
				1DC270861CD8D9C300E57D3B /* FetchDataFromNetworkProtocol.swift in Sources */,
				1D56DB231CC7783900E0F3BA /* ObiValue.swift in Sources */,
				1D56DB251CC778C100E0F3BA /* ObiObject.swift in Sources */,
				1DC1F7191CC1EED600A5E9BF /* PersonalEvent.swift in Sources */,
				1D4E0F341CCC9B6B00BCC415 /* RadioStationTaskCell.swift in Sources */,
				1D56DB291CC77E4200E0F3BA /* ObiLoginVC.swift in Sources */,
				1DDFB4791CAA218700124835 /* BeautyTeam.xcdatamodeld in Sources */,
				1DDFB4731CAA218700124835 /* ViewController.swift in Sources */,
				1DC1F7111CC1EB9600A5E9BF /* ObisoftUser.swift in Sources */,
				1D80C6E11CC8B4D5005D6216 /* AddPersonalTaskVC.swift in Sources */,
				1D80C6DF1CC8B199005D6216 /* NoticeRightNavigationItemPopMenu.swift in Sources */,
				1D4E0F3A1CCC9BB700BCC415 /* TeamEventCell.swift in Sources */,
				1DDFB4711CAA218700124835 /* AppDelegate.swift in Sources */,
				1D528BDE1CC0D91700A59F92 /* INoticable.swift in Sources */,
				1D4C4D371CC3347000868A68 /* RadioEvent.swift in Sources */,
				1DC93B2A1CC34678007214DE /* GroupTask.swift in Sources */,
				1DC1F7151CC1ED7800A5E9BF /* TeamEventRelation.swift in Sources */,
				1D80C6D91CC8AC01005D6216 /* TeamVC.swift in Sources */,
				1D27FF3D1CB5D89800D85823 /* NetworkAllowUntrustedCert.swift in Sources */,
				1D56DB2B1CC79ED600E0F3BA /* InputTableViewCell.swift in Sources */,
				1D4E0F381CCC9BA200BCC415 /* TeamTaskCell.swift in Sources */,
				1D528BE11CC0D9BB00A59F92 /* Event.swift in Sources */,
				1D4E0F451CCCB44900BCC415 /* CollapseSign.swift in Sources */,
				1DC1F7171CC1EE4A00A5E9BF /* PersonalTask.swift in Sources */,
				1D528BDC1CC0946800A59F92 /* ServerReply.swift in Sources */,
				1DEE89AE1CDCC8AF00FA2D54 /* ObiList.swift in Sources */,
				1DC1F70F1CC1EA5400A5E9BF /* InitialProtocol.swift in Sources */,
				1D80C6E51CC8B4F4005D6216 /* ImportVC.swift in Sources */,
				1D80C6E31CC8B4E8005D6216 /* AddPersonalEventVC.swift in Sources */,
				1D4E0F421CCCB0B300BCC415 /* NoticeHeaderCell.swift in Sources */,
				1D4C4D351CC3337200868A68 /* RadioTask.swift in Sources */,
			);
			runOnlyForDeploymentPostprocessing = 0;
		};
		1DDFB4801CAA218700124835 /* Sources */ = {
			isa = PBXSourcesBuildPhase;
			buildActionMask = 2147483647;
			files = (
				1DDFB4891CAA218700124835 /* BeautyTeamTests.swift in Sources */,
			);
			runOnlyForDeploymentPostprocessing = 0;
		};
		1DDFB48B1CAA218700124835 /* Sources */ = {
			isa = PBXSourcesBuildPhase;
			buildActionMask = 2147483647;
			files = (
				1DDFB4941CAA218700124835 /* BeautyTeamUITests.swift in Sources */,
			);
			runOnlyForDeploymentPostprocessing = 0;
		};
/* End PBXSourcesBuildPhase section */

/* Begin PBXTargetDependency section */
		1DDFB4861CAA218700124835 /* PBXTargetDependency */ = {
			isa = PBXTargetDependency;
			target = 1DDFB46C1CAA218700124835 /* BeautyTeam */;
			targetProxy = 1DDFB4851CAA218700124835 /* PBXContainerItemProxy */;
		};
		1DDFB4911CAA218700124835 /* PBXTargetDependency */ = {
			isa = PBXTargetDependency;
			target = 1DDFB46C1CAA218700124835 /* BeautyTeam */;
			targetProxy = 1DDFB4901CAA218700124835 /* PBXContainerItemProxy */;
		};
/* End PBXTargetDependency section */

/* Begin PBXVariantGroup section */
		1DDFB4741CAA218700124835 /* Main.storyboard */ = {
			isa = PBXVariantGroup;
			children = (
				1DDFB4751CAA218700124835 /* Base */,
			);
			name = Main.storyboard;
			sourceTree = "<group>";
		};
		1DDFB47C1CAA218700124835 /* LaunchScreen.storyboard */ = {
			isa = PBXVariantGroup;
			children = (
				1DDFB47D1CAA218700124835 /* Base */,
			);
			name = LaunchScreen.storyboard;
			sourceTree = "<group>";
		};
/* End PBXVariantGroup section */

/* Begin XCBuildConfiguration section */
		1DDFB4961CAA218700124835 /* Debug */ = {
			isa = XCBuildConfiguration;
			buildSettings = {
				ALWAYS_SEARCH_USER_PATHS = NO;
				CLANG_CXX_LANGUAGE_STANDARD = "gnu++0x";
				CLANG_CXX_LIBRARY = "libc++";
				CLANG_ENABLE_MODULES = YES;
				CLANG_ENABLE_OBJC_ARC = YES;
				CLANG_WARN_BOOL_CONVERSION = YES;
				CLANG_WARN_CONSTANT_CONVERSION = YES;
				CLANG_WARN_DIRECT_OBJC_ISA_USAGE = YES_ERROR;
				CLANG_WARN_EMPTY_BODY = YES;
				CLANG_WARN_ENUM_CONVERSION = YES;
				CLANG_WARN_INT_CONVERSION = YES;
				CLANG_WARN_OBJC_ROOT_CLASS = YES_ERROR;
				CLANG_WARN_UNREACHABLE_CODE = YES;
				CLANG_WARN__DUPLICATE_METHOD_MATCH = YES;
				"CODE_SIGN_IDENTITY[sdk=iphoneos*]" = "iPhone Developer";
				COPY_PHASE_STRIP = NO;
				DEBUG_INFORMATION_FORMAT = dwarf;
				ENABLE_STRICT_OBJC_MSGSEND = YES;
				ENABLE_TESTABILITY = YES;
				GCC_C_LANGUAGE_STANDARD = gnu99;
				GCC_DYNAMIC_NO_PIC = NO;
				GCC_NO_COMMON_BLOCKS = YES;
				GCC_OPTIMIZATION_LEVEL = 0;
				GCC_PREPROCESSOR_DEFINITIONS = (
					"DEBUG=1",
					"$(inherited)",
				);
				GCC_WARN_64_TO_32_BIT_CONVERSION = YES;
				GCC_WARN_ABOUT_RETURN_TYPE = YES_ERROR;
				GCC_WARN_UNDECLARED_SELECTOR = YES;
				GCC_WARN_UNINITIALIZED_AUTOS = YES_AGGRESSIVE;
				GCC_WARN_UNUSED_FUNCTION = YES;
				GCC_WARN_UNUSED_VARIABLE = YES;
				IPHONEOS_DEPLOYMENT_TARGET = 9.2;
				MTL_ENABLE_DEBUG_INFO = YES;
				ONLY_ACTIVE_ARCH = YES;
				SDKROOT = iphoneos;
				SWIFT_OPTIMIZATION_LEVEL = "-Onone";
			};
			name = Debug;
		};
		1DDFB4971CAA218700124835 /* Release */ = {
			isa = XCBuildConfiguration;
			buildSettings = {
				ALWAYS_SEARCH_USER_PATHS = NO;
				CLANG_CXX_LANGUAGE_STANDARD = "gnu++0x";
				CLANG_CXX_LIBRARY = "libc++";
				CLANG_ENABLE_MODULES = YES;
				CLANG_ENABLE_OBJC_ARC = YES;
				CLANG_WARN_BOOL_CONVERSION = YES;
				CLANG_WARN_CONSTANT_CONVERSION = YES;
				CLANG_WARN_DIRECT_OBJC_ISA_USAGE = YES_ERROR;
				CLANG_WARN_EMPTY_BODY = YES;
				CLANG_WARN_ENUM_CONVERSION = YES;
				CLANG_WARN_INT_CONVERSION = YES;
				CLANG_WARN_OBJC_ROOT_CLASS = YES_ERROR;
				CLANG_WARN_UNREACHABLE_CODE = YES;
				CLANG_WARN__DUPLICATE_METHOD_MATCH = YES;
				"CODE_SIGN_IDENTITY[sdk=iphoneos*]" = "iPhone Developer";
				COPY_PHASE_STRIP = NO;
				DEBUG_INFORMATION_FORMAT = "dwarf-with-dsym";
				ENABLE_NS_ASSERTIONS = NO;
				ENABLE_STRICT_OBJC_MSGSEND = YES;
				GCC_C_LANGUAGE_STANDARD = gnu99;
				GCC_NO_COMMON_BLOCKS = YES;
				GCC_WARN_64_TO_32_BIT_CONVERSION = YES;
				GCC_WARN_ABOUT_RETURN_TYPE = YES_ERROR;
				GCC_WARN_UNDECLARED_SELECTOR = YES;
				GCC_WARN_UNINITIALIZED_AUTOS = YES_AGGRESSIVE;
				GCC_WARN_UNUSED_FUNCTION = YES;
				GCC_WARN_UNUSED_VARIABLE = YES;
				IPHONEOS_DEPLOYMENT_TARGET = 9.2;
				MTL_ENABLE_DEBUG_INFO = NO;
				SDKROOT = iphoneos;
				VALIDATE_PRODUCT = YES;
			};
			name = Release;
		};
		1DDFB4991CAA218700124835 /* Debug */ = {
			isa = XCBuildConfiguration;
			baseConfigurationReference = 45C54FF83F1C9631CB620EBB /* Pods.debug.xcconfig */;
			buildSettings = {
				ASSETCATALOG_COMPILER_APPICON_NAME = AppIcon;
				CLANG_ENABLE_MODULES = YES;
				CODE_SIGN_IDENTITY = "iPhone Developer";
				INFOPLIST_FILE = BeautyTeam/Info.plist;
				IPHONEOS_DEPLOYMENT_TARGET = 8.0;
				LD_RUNPATH_SEARCH_PATHS = "$(inherited) @executable_path/Frameworks";
				PRODUCT_BUNDLE_IDENTIFIER = com.obisoft.BeautyTeam;
				PRODUCT_NAME = "$(TARGET_NAME)";
				SWIFT_OBJC_BRIDGING_HEADER = "BeautyTeam-Bridging-Header.h";
				SWIFT_OPTIMIZATION_LEVEL = "-Onone";
			};
			name = Debug;
		};
		1DDFB49A1CAA218700124835 /* Release */ = {
			isa = XCBuildConfiguration;
			baseConfigurationReference = 53FCE2A8632C0F3FDE75AC05 /* Pods.release.xcconfig */;
			buildSettings = {
				ASSETCATALOG_COMPILER_APPICON_NAME = AppIcon;
				CLANG_ENABLE_MODULES = YES;
				CODE_SIGN_IDENTITY = "iPhone Developer";
				INFOPLIST_FILE = BeautyTeam/Info.plist;
				IPHONEOS_DEPLOYMENT_TARGET = 8.0;
				LD_RUNPATH_SEARCH_PATHS = "$(inherited) @executable_path/Frameworks";
				PRODUCT_BUNDLE_IDENTIFIER = com.obisoft.BeautyTeam;
				PRODUCT_NAME = "$(TARGET_NAME)";
				SWIFT_OBJC_BRIDGING_HEADER = "BeautyTeam-Bridging-Header.h";
			};
			name = Release;
		};
		1DDFB49C1CAA218700124835 /* Debug */ = {
			isa = XCBuildConfiguration;
			buildSettings = {
				BUNDLE_LOADER = "$(TEST_HOST)";
				INFOPLIST_FILE = BeautyTeamTests/Info.plist;
				LD_RUNPATH_SEARCH_PATHS = "$(inherited) @executable_path/Frameworks @loader_path/Frameworks";
				PRODUCT_BUNDLE_IDENTIFIER = com.obisoft.BeautyTeamTests;
				PRODUCT_NAME = "$(TARGET_NAME)";
				TEST_HOST = "$(BUILT_PRODUCTS_DIR)/BeautyTeam.app/BeautyTeam";
			};
			name = Debug;
		};
		1DDFB49D1CAA218700124835 /* Release */ = {
			isa = XCBuildConfiguration;
			buildSettings = {
				BUNDLE_LOADER = "$(TEST_HOST)";
				INFOPLIST_FILE = BeautyTeamTests/Info.plist;
				LD_RUNPATH_SEARCH_PATHS = "$(inherited) @executable_path/Frameworks @loader_path/Frameworks";
				PRODUCT_BUNDLE_IDENTIFIER = com.obisoft.BeautyTeamTests;
				PRODUCT_NAME = "$(TARGET_NAME)";
				TEST_HOST = "$(BUILT_PRODUCTS_DIR)/BeautyTeam.app/BeautyTeam";
			};
			name = Release;
		};
		1DDFB49F1CAA218700124835 /* Debug */ = {
			isa = XCBuildConfiguration;
			buildSettings = {
				INFOPLIST_FILE = BeautyTeamUITests/Info.plist;
				LD_RUNPATH_SEARCH_PATHS = "$(inherited) @executable_path/Frameworks @loader_path/Frameworks";
				PRODUCT_BUNDLE_IDENTIFIER = com.obisoft.BeautyTeamUITests;
				PRODUCT_NAME = "$(TARGET_NAME)";
				TEST_TARGET_NAME = BeautyTeam;
				USES_XCTRUNNER = YES;
			};
			name = Debug;
		};
		1DDFB4A01CAA218700124835 /* Release */ = {
			isa = XCBuildConfiguration;
			buildSettings = {
				INFOPLIST_FILE = BeautyTeamUITests/Info.plist;
				LD_RUNPATH_SEARCH_PATHS = "$(inherited) @executable_path/Frameworks @loader_path/Frameworks";
				PRODUCT_BUNDLE_IDENTIFIER = com.obisoft.BeautyTeamUITests;
				PRODUCT_NAME = "$(TARGET_NAME)";
				TEST_TARGET_NAME = BeautyTeam;
				USES_XCTRUNNER = YES;
			};
			name = Release;
		};
/* End XCBuildConfiguration section */

/* Begin XCConfigurationList section */
		1DDFB4681CAA218700124835 /* Build configuration list for PBXProject "BeautyTeam" */ = {
			isa = XCConfigurationList;
			buildConfigurations = (
				1DDFB4961CAA218700124835 /* Debug */,
				1DDFB4971CAA218700124835 /* Release */,
			);
			defaultConfigurationIsVisible = 0;
			defaultConfigurationName = Release;
		};
		1DDFB4981CAA218700124835 /* Build configuration list for PBXNativeTarget "BeautyTeam" */ = {
			isa = XCConfigurationList;
			buildConfigurations = (
				1DDFB4991CAA218700124835 /* Debug */,
				1DDFB49A1CAA218700124835 /* Release */,
			);
			defaultConfigurationIsVisible = 0;
			defaultConfigurationName = Release;
		};
		1DDFB49B1CAA218700124835 /* Build configuration list for PBXNativeTarget "BeautyTeamTests" */ = {
			isa = XCConfigurationList;
			buildConfigurations = (
				1DDFB49C1CAA218700124835 /* Debug */,
				1DDFB49D1CAA218700124835 /* Release */,
			);
			defaultConfigurationIsVisible = 0;
			defaultConfigurationName = Release;
		};
		1DDFB49E1CAA218700124835 /* Build configuration list for PBXNativeTarget "BeautyTeamUITests" */ = {
			isa = XCConfigurationList;
			buildConfigurations = (
				1DDFB49F1CAA218700124835 /* Debug */,
				1DDFB4A01CAA218700124835 /* Release */,
			);
			defaultConfigurationIsVisible = 0;
			defaultConfigurationName = Release;
		};
/* End XCConfigurationList section */

/* Begin XCVersionGroup section */
		1DDFB4771CAA218700124835 /* BeautyTeam.xcdatamodeld */ = {
			isa = XCVersionGroup;
			children = (
				1DDFB4781CAA218700124835 /* BeautyTeam.xcdatamodel */,
			);
			currentVersion = 1DDFB4781CAA218700124835 /* BeautyTeam.xcdatamodel */;
			path = BeautyTeam.xcdatamodeld;
			sourceTree = "<group>";
			versionGroupType = wrapper.xcdatamodel;
		};
/* End XCVersionGroup section */
	};
	rootObject = 1DDFB4651CAA218700124835 /* Project object */;
}
